
Microsoft Visual Studio Solution File, Format Version 12.00
Project("{FAE04EC0-301F-11D3-BF4B-00C04F79EFBC}") = "LodgeSpotGo.Api", "LodgeSpotGo.Api\LodgeSpotGo.Api.csproj", "{432CFC10-82F3-402E-848F-C1C24C86CB44}"
EndProject
Project("{FAE04EC0-301F-11D3-BF4B-00C04F79EFBC}") = "LodgeSpotGo.Infrastructure", "LodgeSpotGo.Infrastructure\LodgeSpotGo.Infrastructure.csproj", "{528FE244-6E73-4A40-B8B4-4E9B4B2AD9B8}"
EndProject
Project("{FAE04EC0-301F-11D3-BF4B-00C04F79EFBC}") = "LodgeSpotGo.Core", "LodgeSpotGo.Core\LodgeSpotGo.Core.csproj", "{BE0F7262-B019-41D8-BA2E-1BA5E00C63CE}"
EndProject
Project("{FAE04EC0-301F-11D3-BF4B-00C04F79EFBC}") = "LodgeSpotGo.Application", "LodgeSpotGo.Application\LodgeSpotGo.Application.csproj", "{DEA77157-1A4F-44F9-B19E-D06B55438BB3}"
EndProject
Global
	GlobalSection(SolutionConfigurationPlatforms) = preSolution
		Debug|Any CPU = Debug|Any CPU
		Release|Any CPU = Release|Any CPU
	EndGlobalSection
	GlobalSection(ProjectConfigurationPlatforms) = postSolution
		{432CFC10-82F3-402E-848F-C1C24C86CB44}.Debug|Any CPU.ActiveCfg = Debug|Any CPU
		{432CFC10-82F3-402E-848F-C1C24C86CB44}.Debug|Any CPU.Build.0 = Debug|Any CPU
		{432CFC10-82F3-402E-848F-C1C24C86CB44}.Release|Any CPU.ActiveCfg = Release|Any CPU
		{432CFC10-82F3-402E-848F-C1C24C86CB44}.Release|Any CPU.Build.0 = Release|Any CPU
		{528FE244-6E73-4A40-B8B4-4E9B4B2AD9B8}.Debug|Any CPU.ActiveCfg = Debug|Any CPU
		{528FE244-6E73-4A40-B8B4-4E9B4B2AD9B8}.Debug|Any CPU.Build.0 = Debug|Any CPU
		{528FE244-6E73-4A40-B8B4-4E9B4B2AD9B8}.Release|Any CPU.ActiveCfg = Release|Any CPU
		{528FE244-6E73-4A40-B8B4-4E9B4B2AD9B8}.Release|Any CPU.Build.0 = Release|Any CPU
		{BE0F7262-B019-41D8-BA2E-1BA5E00C63CE}.Debug|Any CPU.ActiveCfg = Debug|Any CPU
		{BE0F7262-B019-41D8-BA2E-1BA5E00C63CE}.Debug|Any CPU.Build.0 = Debug|Any CPU
		{BE0F7262-B019-41D8-BA2E-1BA5E00C63CE}.Release|Any CPU.ActiveCfg = Release|Any CPU
		{BE0F7262-B019-41D8-BA2E-1BA5E00C63CE}.Release|Any CPU.Build.0 = Release|Any CPU
		{DEA77157-1A4F-44F9-B19E-D06B55438BB3}.Debug|Any CPU.ActiveCfg = Debug|Any CPU
		{DEA77157-1A4F-44F9-B19E-D06B55438BB3}.Debug|Any CPU.Build.0 = Debug|Any CPU
		{DEA77157-1A4F-44F9-B19E-D06B55438BB3}.Release|Any CPU.ActiveCfg = Release|Any CPU
		{DEA77157-1A4F-44F9-B19E-D06B55438BB3}.Release|Any CPU.Build.0 = Release|Any CPU
	EndGlobalSection
EndGlobal
