
Microsoft Visual Studio Solution File, Format Version 12.00
Project("{2150E333-8FDC-42A3-9474-1A3956D46DE8}") = "microservices", "microservices", "{25A15D49-EB0B-45AB-8D69-B0715E635B07}"
EndProject
Project("{2150E333-8FDC-42A3-9474-1A3956D46DE8}") = "accommodation-management", "accommodation-management", "{6648B6F0-EEF9-4B22-9902-5829EBE1C43B}"
EndProject
Project("{2150E333-8FDC-42A3-9474-1A3956D46DE8}") = "user-managment", "user-managment", "{31101E77-88B6-4594-8C71-28D014827356}"
EndProject
Project("{FAE04EC0-301F-11D3-BF4B-00C04F79EFBC}") = "AccommodationManagement.Domain", "AccommodationManagement.Domain\AccommodationManagement.Domain.csproj", "{73CA01F3-917A-4038-ACBF-FEED4F399EFF}"
EndProject
Project("{2150E333-8FDC-42A3-9474-1A3956D46DE8}") = "reservation-management", "reservation-management", "{2972F7F4-72C6-4681-B086-BB0337D1EBCC}"
EndProject
Project("{FAE04EC0-301F-11D3-BF4B-00C04F79EFBC}") = "AccommodationManagement.Application", "AccommodationManagement.Application\AccommodationManagement.Application.csproj", "{8FE6E949-6D47-4EAC-940B-54B866E38B18}"
EndProject
Project("{FAE04EC0-301F-11D3-BF4B-00C04F79EFBC}") = "AccommodationManagement.Infrastructure", "AccommodationManagement.Infrastructure\AccommodationManagement.Infrastructure.csproj", "{CD788B4E-E1C6-451D-8273-B07A76ED4737}"
EndProject
Project("{2150E333-8FDC-42A3-9474-1A3956D46DE8}") = "search-and-booking", "search-and-booking", "{B94E1F52-722D-42B7-BC1C-C8DF826EB0BB}"
EndProject
Project("{2150E333-8FDC-42A3-9474-1A3956D46DE8}") = "helpers", "helpers", "{7B6B66C6-970C-4488-853A-505A9670A9FC}"
EndProject
Project("{FAE04EC0-301F-11D3-BF4B-00C04F79EFBC}") = "ReservationManagement.Application", "ReservationManagement.Application\ReservationManagement.Application.csproj", "{062765C6-E5C4-464B-B4D3-F33D0B2033C7}"
EndProject
Project("{FAE04EC0-301F-11D3-BF4B-00C04F79EFBC}") = "ReservationManagement.Infrastructure", "ReservationManagement.Infrastructure\ReservationManagement.Infrastructure.csproj", "{CEE83590-6736-4FF4-980A-7FD8A7D02CE9}"
EndProject
Project("{FAE04EC0-301F-11D3-BF4B-00C04F79EFBC}") = "ReservationManagement.Domain", "ReservationManagement.Domain\ReservationManagement.Domain.csproj", "{3EF60358-326B-4C60-8865-7B5AC07AFF5A}"
EndProject
Project("{FAE04EC0-301F-11D3-BF4B-00C04F79EFBC}") = "ReservationManagement.Api", "ReservationManagement.Api\ReservationManagement.Api.csproj", "{AC484B24-2EE5-43DD-8552-E9A87B3004DE}"
EndProject
Project("{FAE04EC0-301F-11D3-BF4B-00C04F79EFBC}") = "AccommodationManagement.Grpc", "AccommodationManagement.Grpc\AccommodationManagement.Grpc.csproj", "{722AD2EA-6FA2-4E62-890C-2FA224769E4E}"
EndProject
Project("{FAE04EC0-301F-11D3-BF4B-00C04F79EFBC}") = "AccommodationManagement.Api", "AccommodationManagement.Api\AccommodationManagement.Api.csproj", "{B578DF51-752D-4D72-8FCF-7A8735A248DC}"
EndProject
Project("{FAE04EC0-301F-11D3-BF4B-00C04F79EFBC}") = "SearchAndBooking.Api", "SearchAndBooking.Api\SearchAndBooking.Api.csproj", "{81076911-FE01-404E-A3B4-706D0BD91EC1}"
EndProject
Project("{FAE04EC0-301F-11D3-BF4B-00C04F79EFBC}") = "SearchAndBooking.Domain", "SearchAndBooking.Domain\SearchAndBooking.Domain.csproj", "{FBE2C531-9AAE-4524-8937-8352879D7EA9}"
EndProject
Project("{FAE04EC0-301F-11D3-BF4B-00C04F79EFBC}") = "SearchAndBooking.Application", "SearchAndBooking.Application\SearchAndBooking.Application.csproj", "{B60F7A69-044D-42AE-96BD-250ED6F5A8AF}"
EndProject
Project("{FAE04EC0-301F-11D3-BF4B-00C04F79EFBC}") = "SearchAndBooking.Infrastructure", "SearchAndBooking.Infrastructure\SearchAndBooking.Infrastructure.csproj", "{80DE8A9E-8BA8-4FF9-9045-686A92447F07}"
EndProject
Project("{FAE04EC0-301F-11D3-BF4B-00C04F79EFBC}") = "UserManagement.Domain", "UserManagement.Domain\UserManagement.Domain.csproj", "{E145442C-A577-478E-90CA-B6DE479D5137}"
EndProject
Project("{FAE04EC0-301F-11D3-BF4B-00C04F79EFBC}") = "UserManagement.Application", "UserManagement.Application\UserManagement.Application.csproj", "{CB8ECF4C-0382-4851-88DC-BF109959CAD8}"
EndProject
Project("{FAE04EC0-301F-11D3-BF4B-00C04F79EFBC}") = "UserManagement.Infrastructure", "UserManagement.Infrastructure\UserManagement.Infrastructure.csproj", "{158A8F4B-5BDB-4027-BE3D-ED67B986A77E}"
EndProject
Project("{FAE04EC0-301F-11D3-BF4B-00C04F79EFBC}") = "UserManagement.Api", "UserManagement.Api\UserManagement.Api.csproj", "{3AF7C6CA-B9BD-44DE-806E-19F3421C2A90}"
EndProject
Global
	GlobalSection(SolutionConfigurationPlatforms) = preSolution
		Debug|Any CPU = Debug|Any CPU
		Release|Any CPU = Release|Any CPU
	EndGlobalSection
	GlobalSection(NestedProjects) = preSolution
		{6648B6F0-EEF9-4B22-9902-5829EBE1C43B} = {25A15D49-EB0B-45AB-8D69-B0715E635B07}
		{31101E77-88B6-4594-8C71-28D014827356} = {25A15D49-EB0B-45AB-8D69-B0715E635B07}
		{73CA01F3-917A-4038-ACBF-FEED4F399EFF} = {6648B6F0-EEF9-4B22-9902-5829EBE1C43B}
		{2972F7F4-72C6-4681-B086-BB0337D1EBCC} = {25A15D49-EB0B-45AB-8D69-B0715E635B07}
		{8FE6E949-6D47-4EAC-940B-54B866E38B18} = {6648B6F0-EEF9-4B22-9902-5829EBE1C43B}
		{CD788B4E-E1C6-451D-8273-B07A76ED4737} = {6648B6F0-EEF9-4B22-9902-5829EBE1C43B}
		{B94E1F52-722D-42B7-BC1C-C8DF826EB0BB} = {25A15D49-EB0B-45AB-8D69-B0715E635B07}
		{062765C6-E5C4-464B-B4D3-F33D0B2033C7} = {2972F7F4-72C6-4681-B086-BB0337D1EBCC}
		{CEE83590-6736-4FF4-980A-7FD8A7D02CE9} = {2972F7F4-72C6-4681-B086-BB0337D1EBCC}
		{3EF60358-326B-4C60-8865-7B5AC07AFF5A} = {2972F7F4-72C6-4681-B086-BB0337D1EBCC}
		{AC484B24-2EE5-43DD-8552-E9A87B3004DE} = {2972F7F4-72C6-4681-B086-BB0337D1EBCC}
		{722AD2EA-6FA2-4E62-890C-2FA224769E4E} = {6648B6F0-EEF9-4B22-9902-5829EBE1C43B}
		{B578DF51-752D-4D72-8FCF-7A8735A248DC} = {6648B6F0-EEF9-4B22-9902-5829EBE1C43B}
		{81076911-FE01-404E-A3B4-706D0BD91EC1} = {B94E1F52-722D-42B7-BC1C-C8DF826EB0BB}
		{FBE2C531-9AAE-4524-8937-8352879D7EA9} = {B94E1F52-722D-42B7-BC1C-C8DF826EB0BB}
		{B60F7A69-044D-42AE-96BD-250ED6F5A8AF} = {B94E1F52-722D-42B7-BC1C-C8DF826EB0BB}
		{80DE8A9E-8BA8-4FF9-9045-686A92447F07} = {B94E1F52-722D-42B7-BC1C-C8DF826EB0BB}
		{E145442C-A577-478E-90CA-B6DE479D5137} = {31101E77-88B6-4594-8C71-28D014827356}
		{CB8ECF4C-0382-4851-88DC-BF109959CAD8} = {31101E77-88B6-4594-8C71-28D014827356}
		{158A8F4B-5BDB-4027-BE3D-ED67B986A77E} = {31101E77-88B6-4594-8C71-28D014827356}
		{3AF7C6CA-B9BD-44DE-806E-19F3421C2A90} = {31101E77-88B6-4594-8C71-28D014827356}
	EndGlobalSection
	GlobalSection(ProjectConfigurationPlatforms) = postSolution
		{73CA01F3-917A-4038-ACBF-FEED4F399EFF}.Debug|Any CPU.ActiveCfg = Debug|Any CPU
		{73CA01F3-917A-4038-ACBF-FEED4F399EFF}.Debug|Any CPU.Build.0 = Debug|Any CPU
		{73CA01F3-917A-4038-ACBF-FEED4F399EFF}.Release|Any CPU.ActiveCfg = Release|Any CPU
		{73CA01F3-917A-4038-ACBF-FEED4F399EFF}.Release|Any CPU.Build.0 = Release|Any CPU
		{8FE6E949-6D47-4EAC-940B-54B866E38B18}.Debug|Any CPU.ActiveCfg = Debug|Any CPU
		{8FE6E949-6D47-4EAC-940B-54B866E38B18}.Debug|Any CPU.Build.0 = Debug|Any CPU
		{8FE6E949-6D47-4EAC-940B-54B866E38B18}.Release|Any CPU.ActiveCfg = Release|Any CPU
		{8FE6E949-6D47-4EAC-940B-54B866E38B18}.Release|Any CPU.Build.0 = Release|Any CPU
		{CD788B4E-E1C6-451D-8273-B07A76ED4737}.Debug|Any CPU.ActiveCfg = Debug|Any CPU
		{CD788B4E-E1C6-451D-8273-B07A76ED4737}.Debug|Any CPU.Build.0 = Debug|Any CPU
		{CD788B4E-E1C6-451D-8273-B07A76ED4737}.Release|Any CPU.ActiveCfg = Release|Any CPU
		{CD788B4E-E1C6-451D-8273-B07A76ED4737}.Release|Any CPU.Build.0 = Release|Any CPU
		{062765C6-E5C4-464B-B4D3-F33D0B2033C7}.Debug|Any CPU.ActiveCfg = Debug|Any CPU
		{062765C6-E5C4-464B-B4D3-F33D0B2033C7}.Debug|Any CPU.Build.0 = Debug|Any CPU
		{062765C6-E5C4-464B-B4D3-F33D0B2033C7}.Release|Any CPU.ActiveCfg = Release|Any CPU
		{062765C6-E5C4-464B-B4D3-F33D0B2033C7}.Release|Any CPU.Build.0 = Release|Any CPU
		{CEE83590-6736-4FF4-980A-7FD8A7D02CE9}.Debug|Any CPU.ActiveCfg = Debug|Any CPU
		{CEE83590-6736-4FF4-980A-7FD8A7D02CE9}.Debug|Any CPU.Build.0 = Debug|Any CPU
		{CEE83590-6736-4FF4-980A-7FD8A7D02CE9}.Release|Any CPU.ActiveCfg = Release|Any CPU
		{CEE83590-6736-4FF4-980A-7FD8A7D02CE9}.Release|Any CPU.Build.0 = Release|Any CPU
		{3EF60358-326B-4C60-8865-7B5AC07AFF5A}.Debug|Any CPU.ActiveCfg = Debug|Any CPU
		{3EF60358-326B-4C60-8865-7B5AC07AFF5A}.Debug|Any CPU.Build.0 = Debug|Any CPU
		{3EF60358-326B-4C60-8865-7B5AC07AFF5A}.Release|Any CPU.ActiveCfg = Release|Any CPU
		{3EF60358-326B-4C60-8865-7B5AC07AFF5A}.Release|Any CPU.Build.0 = Release|Any CPU
		{AC484B24-2EE5-43DD-8552-E9A87B3004DE}.Debug|Any CPU.ActiveCfg = Debug|Any CPU
		{AC484B24-2EE5-43DD-8552-E9A87B3004DE}.Debug|Any CPU.Build.0 = Debug|Any CPU
		{AC484B24-2EE5-43DD-8552-E9A87B3004DE}.Release|Any CPU.ActiveCfg = Release|Any CPU
		{AC484B24-2EE5-43DD-8552-E9A87B3004DE}.Release|Any CPU.Build.0 = Release|Any CPU
		{722AD2EA-6FA2-4E62-890C-2FA224769E4E}.Debug|Any CPU.ActiveCfg = Debug|Any CPU
		{722AD2EA-6FA2-4E62-890C-2FA224769E4E}.Debug|Any CPU.Build.0 = Debug|Any CPU
		{722AD2EA-6FA2-4E62-890C-2FA224769E4E}.Release|Any CPU.ActiveCfg = Release|Any CPU
		{722AD2EA-6FA2-4E62-890C-2FA224769E4E}.Release|Any CPU.Build.0 = Release|Any CPU
		{B578DF51-752D-4D72-8FCF-7A8735A248DC}.Debug|Any CPU.ActiveCfg = Debug|Any CPU
		{B578DF51-752D-4D72-8FCF-7A8735A248DC}.Debug|Any CPU.Build.0 = Debug|Any CPU
		{B578DF51-752D-4D72-8FCF-7A8735A248DC}.Release|Any CPU.ActiveCfg = Release|Any CPU
		{B578DF51-752D-4D72-8FCF-7A8735A248DC}.Release|Any CPU.Build.0 = Release|Any CPU
		{81076911-FE01-404E-A3B4-706D0BD91EC1}.Debug|Any CPU.ActiveCfg = Debug|Any CPU
		{81076911-FE01-404E-A3B4-706D0BD91EC1}.Debug|Any CPU.Build.0 = Debug|Any CPU
		{81076911-FE01-404E-A3B4-706D0BD91EC1}.Release|Any CPU.ActiveCfg = Release|Any CPU
		{81076911-FE01-404E-A3B4-706D0BD91EC1}.Release|Any CPU.Build.0 = Release|Any CPU
		{FBE2C531-9AAE-4524-8937-8352879D7EA9}.Debug|Any CPU.ActiveCfg = Debug|Any CPU
		{FBE2C531-9AAE-4524-8937-8352879D7EA9}.Debug|Any CPU.Build.0 = Debug|Any CPU
		{FBE2C531-9AAE-4524-8937-8352879D7EA9}.Release|Any CPU.ActiveCfg = Release|Any CPU
		{FBE2C531-9AAE-4524-8937-8352879D7EA9}.Release|Any CPU.Build.0 = Release|Any CPU
		{B60F7A69-044D-42AE-96BD-250ED6F5A8AF}.Debug|Any CPU.ActiveCfg = Debug|Any CPU
		{B60F7A69-044D-42AE-96BD-250ED6F5A8AF}.Debug|Any CPU.Build.0 = Debug|Any CPU
		{B60F7A69-044D-42AE-96BD-250ED6F5A8AF}.Release|Any CPU.ActiveCfg = Release|Any CPU
		{B60F7A69-044D-42AE-96BD-250ED6F5A8AF}.Release|Any CPU.Build.0 = Release|Any CPU
		{80DE8A9E-8BA8-4FF9-9045-686A92447F07}.Debug|Any CPU.ActiveCfg = Debug|Any CPU
		{80DE8A9E-8BA8-4FF9-9045-686A92447F07}.Debug|Any CPU.Build.0 = Debug|Any CPU
		{80DE8A9E-8BA8-4FF9-9045-686A92447F07}.Release|Any CPU.ActiveCfg = Release|Any CPU
		{80DE8A9E-8BA8-4FF9-9045-686A92447F07}.Release|Any CPU.Build.0 = Release|Any CPU
		{E145442C-A577-478E-90CA-B6DE479D5137}.Debug|Any CPU.ActiveCfg = Debug|Any CPU
		{E145442C-A577-478E-90CA-B6DE479D5137}.Debug|Any CPU.Build.0 = Debug|Any CPU
		{E145442C-A577-478E-90CA-B6DE479D5137}.Release|Any CPU.ActiveCfg = Release|Any CPU
		{E145442C-A577-478E-90CA-B6DE479D5137}.Release|Any CPU.Build.0 = Release|Any CPU
		{CB8ECF4C-0382-4851-88DC-BF109959CAD8}.Debug|Any CPU.ActiveCfg = Debug|Any CPU
		{CB8ECF4C-0382-4851-88DC-BF109959CAD8}.Debug|Any CPU.Build.0 = Debug|Any CPU
		{CB8ECF4C-0382-4851-88DC-BF109959CAD8}.Release|Any CPU.ActiveCfg = Release|Any CPU
		{CB8ECF4C-0382-4851-88DC-BF109959CAD8}.Release|Any CPU.Build.0 = Release|Any CPU
		{158A8F4B-5BDB-4027-BE3D-ED67B986A77E}.Debug|Any CPU.ActiveCfg = Debug|Any CPU
		{158A8F4B-5BDB-4027-BE3D-ED67B986A77E}.Debug|Any CPU.Build.0 = Debug|Any CPU
		{158A8F4B-5BDB-4027-BE3D-ED67B986A77E}.Release|Any CPU.ActiveCfg = Release|Any CPU
		{158A8F4B-5BDB-4027-BE3D-ED67B986A77E}.Release|Any CPU.Build.0 = Release|Any CPU
		{3AF7C6CA-B9BD-44DE-806E-19F3421C2A90}.Debug|Any CPU.ActiveCfg = Debug|Any CPU
		{3AF7C6CA-B9BD-44DE-806E-19F3421C2A90}.Debug|Any CPU.Build.0 = Debug|Any CPU
		{3AF7C6CA-B9BD-44DE-806E-19F3421C2A90}.Release|Any CPU.ActiveCfg = Release|Any CPU
		{3AF7C6CA-B9BD-44DE-806E-19F3421C2A90}.Release|Any CPU.Build.0 = Release|Any CPU
	EndGlobalSection
EndGlobal
