
Microsoft Visual Studio Solution File, Format Version 12.00
Project("{2150E333-8FDC-42A3-9474-1A3956D46DE8}") = "src", "src", "{6DE85D47-A30E-4493-A64D-4D52637647DE}"
EndProject
Project("{2150E333-8FDC-42A3-9474-1A3956D46DE8}") = "AccommodationManagement", "AccommodationManagement", "{4216F4D4-BF0C-4086-A2BA-532BBA487E5E}"
EndProject
Project("{2150E333-8FDC-42A3-9474-1A3956D46DE8}") = "ReservationManagement", "ReservationManagement", "{CB34AD2A-A13C-4776-9040-E6E8E78DF4EE}"
EndProject
Project("{2150E333-8FDC-42A3-9474-1A3956D46DE8}") = "UsersManagement", "UsersManagement", "{0E846CF2-AC32-4B01-9776-1A30976EB04B}"
EndProject
Project("{2150E333-8FDC-42A3-9474-1A3956D46DE8}") = "SearchAndFilter", "SearchAndFilter", "{40CED0B1-84AD-48F2-A2BD-93A80CDD43D0}"
EndProject
Project("{2150E333-8FDC-42A3-9474-1A3956D46DE8}") = "ApiGateway", "ApiGateway", "{00F0B8DD-933B-492A-9ABE-D48FA02AF0D9}"
EndProject
Project("{FAE04EC0-301F-11D3-BF4B-00C04F79EFBC}") = "JetSetGo.ApiGateway", "src\ApiGateway\JetSetGo.ApiGateway\JetSetGo.ApiGateway.csproj", "{F1B938D2-ABF7-4F3B-9510-6534184CAAE5}"
EndProject
Project("{FAE04EC0-301F-11D3-BF4B-00C04F79EFBC}") = "JetSetGo.SearchAndFilter.Api", "src\SearchAndFilter\JetSetGo.SearchAndFilter.Api\JetSetGo.SearchAndFilter.Api.csproj", "{E108F079-710D-4CB0-8C23-9E966AF28B28}"
EndProject
Project("{FAE04EC0-301F-11D3-BF4B-00C04F79EFBC}") = "JetSetGo.UsersManagement.Application", "src\UsersManagement\JetSetGo.UsersManagement.Application\JetSetGo.UsersManagement.Application.csproj", "{D4518123-ABBE-4664-8034-9C557340C719}"
EndProject
Project("{FAE04EC0-301F-11D3-BF4B-00C04F79EFBC}") = "JetSetGo.UsersManagement.Domain", "src\UsersManagement\JetSetGo.UsersManagement.Domain\JetSetGo.UsersManagement.Domain.csproj", "{C9960B44-F8E0-4097-98FF-B9720E726824}"
EndProject
Project("{FAE04EC0-301F-11D3-BF4B-00C04F79EFBC}") = "JetSetGo.SearchAndFilter.Domain", "src\SearchAndFilter\JetSetGo.SearchAndFilter.Domain\JetSetGo.SearchAndFilter.Domain.csproj", "{57A5C0EE-BE68-41CB-8CBE-3A8AF40AC3D0}"
EndProject
Project("{FAE04EC0-301F-11D3-BF4B-00C04F79EFBC}") = "JetSetGo.UsersManagement.Infrastructure", "src\UsersManagement\JetSetGo.UsersManagement.Infrastructure\JetSetGo.UsersManagement.Infrastructure.csproj", "{15D0E07A-0942-464F-B5BE-320CF522343C}"
EndProject
Project("{FAE04EC0-301F-11D3-BF4B-00C04F79EFBC}") = "JetSetGo.SearchAndFilter.Application", "src\SearchAndFilter\JetSetGo.SearchAndFilter.Application\JetSetGo.SearchAndFilter.Application.csproj", "{92CB9026-111B-4F50-B65E-1CADD2EBC219}"
EndProject
Project("{FAE04EC0-301F-11D3-BF4B-00C04F79EFBC}") = "JetSetGo.SearchAndFilter.Infrastructure", "src\SearchAndFilter\JetSetGo.SearchAndFilter.Infrastructure\JetSetGo.SearchAndFilter.Infrastructure.csproj", "{A76547B1-BA36-4F3F-AF76-2D68A697307D}"
EndProject
Project("{FAE04EC0-301F-11D3-BF4B-00C04F79EFBC}") = "JetSetGo.ReservationManagement.Infrastructure", "src\ReservationManagement\JetSetGo.ReservationManagement.Infrastructure\JetSetGo.ReservationManagement.Infrastructure.csproj", "{4CD99FBC-20A4-4887-8F79-B394E8B55503}"
EndProject
Project("{FAE04EC0-301F-11D3-BF4B-00C04F79EFBC}") = "JetSetGo.ReservationManagement.Application", "src\ReservationManagement\JetSetGo.ReservationManagement.Application\JetSetGo.ReservationManagement.Application.csproj", "{6F34B87E-4376-4B13-8376-F09FF504FE72}"
EndProject
Project("{FAE04EC0-301F-11D3-BF4B-00C04F79EFBC}") = "JetSetGo.ReservationManagement.Domain", "src\ReservationManagement\JetSetGo.ReservationManagement.Domain\JetSetGo.ReservationManagement.Domain.csproj", "{3CBF1FFA-E52B-4AF9-BF24-EDE76461A6B8}"
EndProject
Project("{FAE04EC0-301F-11D3-BF4B-00C04F79EFBC}") = "JetSetGo.AccommodationManagement.Infrastructure", "src\AccommodationManagement\JetSetGo.AccommodationManagement.Infrastructure\JetSetGo.AccommodationManagement.Infrastructure.csproj", "{2D7320DA-E7C8-4F7B-AC77-7DE1E2D83C02}"
EndProject
Project("{FAE04EC0-301F-11D3-BF4B-00C04F79EFBC}") = "JetSetGo.AccommodationManagement.Domain", "src\AccommodationManagement\JetSetGo.AccommodationManagement.Domain\JetSetGo.AccommodationManagement.Domain.csproj", "{EE2BC2B1-A699-4F3C-818C-9B944505909B}"
EndProject
Project("{FAE04EC0-301F-11D3-BF4B-00C04F79EFBC}") = "JetSetGo.AccommodationManagement.Application", "src\AccommodationManagement\JetSetGo.AccommodationManagement.Application\JetSetGo.AccommodationManagement.Application.csproj", "{901393E4-7893-4DF6-A9E0-F670F8524B15}"
EndProject
Project("{FAE04EC0-301F-11D3-BF4B-00C04F79EFBC}") = "JetSetGo.UsersManagement.Api", "src\UsersManagement\JetSetGo.UsersManagement.Api\JetSetGo.UsersManagement.Api.csproj", "{5B0D2DA2-D181-4952-B511-1D77EFE2BFA1}"
EndProject
Project("{2150E333-8FDC-42A3-9474-1A3956D46DE8}") = "Api", "Api", "{F6971341-1949-44E7-AFA0-C118F2B83963}"
EndProject
Project("{2150E333-8FDC-42A3-9474-1A3956D46DE8}") = "Core", "Core", "{F2EE2DDC-CE29-420F-BCA6-B5CF35A864F9}"
EndProject
Project("{2150E333-8FDC-42A3-9474-1A3956D46DE8}") = "Infrastructure", "Infrastructure", "{EA8CE07E-E75F-437C-BCC8-9FE45059B2E0}"
EndProject
Project("{FAE04EC0-301F-11D3-BF4B-00C04F79EFBC}") = "JetSetGo.AccommodationManagement.Grpc", "src\AccommodationManagement\JetSetGo.AccommodationManagement.Grpc\JetSetGo.AccommodationManagement.Grpc.csproj", "{D3B02624-6CD1-489D-8D51-5BAF9F129FF8}"
EndProject
Project("{2150E333-8FDC-42A3-9474-1A3956D46DE8}") = "Api", "Api", "{56358319-89E5-4FF2-8755-72F992BB4086}"
EndProject
Project("{FAE04EC0-301F-11D3-BF4B-00C04F79EFBC}") = "JetSetGo.ReservationManagement.Grpc", "src\ReservationManagement\JetSetGo.ReservationManagement.Grpc\JetSetGo.ReservationManagement.Grpc.csproj", "{B09EEAFE-0538-41E7-9944-366BA955EB73}"
EndProject
Project("{2150E333-8FDC-42A3-9474-1A3956D46DE8}") = "Core", "Core", "{8D5EE964-AC0E-4589-AB4B-227EEDAE00AA}"
EndProject
Project("{2150E333-8FDC-42A3-9474-1A3956D46DE8}") = "Infrastructure", "Infrastructure", "{BC58AEA2-AE43-44B8-B5B5-BF6B38763BA3}"
EndProject
Project("{2150E333-8FDC-42A3-9474-1A3956D46DE8}") = "RecommodationSystem", "RecommodationSystem", "{47B34B06-B381-4C24-B4CF-F83F37641C79}"
EndProject
Project("{FAE04EC0-301F-11D3-BF4B-00C04F79EFBC}") = "JetSetGo.RecommodationSystem.Grpc", "src\RecommodationSystem\JetSetGo.RecommodationSystem.Grpc\JetSetGo.RecommodationSystem.Grpc.csproj", "{17A8D39C-6571-47E8-A8DE-F54E3888E707}"
EndProject
Project("{2150E333-8FDC-42A3-9474-1A3956D46DE8}") = "Api", "Api", "{6CCE3E7D-02C5-42BC-9B0F-EB17C2980AFF}"
EndProject
Project("{2150E333-8FDC-42A3-9474-1A3956D46DE8}") = "Shared", "Shared", "{7388F005-3316-450F-8399-85F517CB1AF2}"
EndProject
Global
	GlobalSection(SolutionConfigurationPlatforms) = preSolution
		Debug|Any CPU = Debug|Any CPU
		Release|Any CPU = Release|Any CPU
	EndGlobalSection
	GlobalSection(NestedProjects) = preSolution
		{4216F4D4-BF0C-4086-A2BA-532BBA487E5E} = {6DE85D47-A30E-4493-A64D-4D52637647DE}
		{CB34AD2A-A13C-4776-9040-E6E8E78DF4EE} = {6DE85D47-A30E-4493-A64D-4D52637647DE}
		{0E846CF2-AC32-4B01-9776-1A30976EB04B} = {6DE85D47-A30E-4493-A64D-4D52637647DE}
		{40CED0B1-84AD-48F2-A2BD-93A80CDD43D0} = {6DE85D47-A30E-4493-A64D-4D52637647DE}
		{00F0B8DD-933B-492A-9ABE-D48FA02AF0D9} = {6DE85D47-A30E-4493-A64D-4D52637647DE}
		{F1B938D2-ABF7-4F3B-9510-6534184CAAE5} = {00F0B8DD-933B-492A-9ABE-D48FA02AF0D9}
		{E108F079-710D-4CB0-8C23-9E966AF28B28} = {40CED0B1-84AD-48F2-A2BD-93A80CDD43D0}
		{D4518123-ABBE-4664-8034-9C557340C719} = {0E846CF2-AC32-4B01-9776-1A30976EB04B}
		{C9960B44-F8E0-4097-98FF-B9720E726824} = {0E846CF2-AC32-4B01-9776-1A30976EB04B}
		{57A5C0EE-BE68-41CB-8CBE-3A8AF40AC3D0} = {40CED0B1-84AD-48F2-A2BD-93A80CDD43D0}
		{15D0E07A-0942-464F-B5BE-320CF522343C} = {0E846CF2-AC32-4B01-9776-1A30976EB04B}
		{92CB9026-111B-4F50-B65E-1CADD2EBC219} = {40CED0B1-84AD-48F2-A2BD-93A80CDD43D0}
		{A76547B1-BA36-4F3F-AF76-2D68A697307D} = {40CED0B1-84AD-48F2-A2BD-93A80CDD43D0}
		{5B0D2DA2-D181-4952-B511-1D77EFE2BFA1} = {0E846CF2-AC32-4B01-9776-1A30976EB04B}
		{F6971341-1949-44E7-AFA0-C118F2B83963} = {4216F4D4-BF0C-4086-A2BA-532BBA487E5E}
		{F2EE2DDC-CE29-420F-BCA6-B5CF35A864F9} = {4216F4D4-BF0C-4086-A2BA-532BBA487E5E}
		{EA8CE07E-E75F-437C-BCC8-9FE45059B2E0} = {4216F4D4-BF0C-4086-A2BA-532BBA487E5E}
		{EE2BC2B1-A699-4F3C-818C-9B944505909B} = {F2EE2DDC-CE29-420F-BCA6-B5CF35A864F9}
		{901393E4-7893-4DF6-A9E0-F670F8524B15} = {F2EE2DDC-CE29-420F-BCA6-B5CF35A864F9}
		{2D7320DA-E7C8-4F7B-AC77-7DE1E2D83C02} = {EA8CE07E-E75F-437C-BCC8-9FE45059B2E0}
		{D3B02624-6CD1-489D-8D51-5BAF9F129FF8} = {F6971341-1949-44E7-AFA0-C118F2B83963}
		{56358319-89E5-4FF2-8755-72F992BB4086} = {CB34AD2A-A13C-4776-9040-E6E8E78DF4EE}
		{B09EEAFE-0538-41E7-9944-366BA955EB73} = {56358319-89E5-4FF2-8755-72F992BB4086}
		{8D5EE964-AC0E-4589-AB4B-227EEDAE00AA} = {CB34AD2A-A13C-4776-9040-E6E8E78DF4EE}
		{BC58AEA2-AE43-44B8-B5B5-BF6B38763BA3} = {CB34AD2A-A13C-4776-9040-E6E8E78DF4EE}
		{6F34B87E-4376-4B13-8376-F09FF504FE72} = {8D5EE964-AC0E-4589-AB4B-227EEDAE00AA}
		{3CBF1FFA-E52B-4AF9-BF24-EDE76461A6B8} = {8D5EE964-AC0E-4589-AB4B-227EEDAE00AA}
		{4CD99FBC-20A4-4887-8F79-B394E8B55503} = {BC58AEA2-AE43-44B8-B5B5-BF6B38763BA3}
		{47B34B06-B381-4C24-B4CF-F83F37641C79} = {6DE85D47-A30E-4493-A64D-4D52637647DE}
		{6CCE3E7D-02C5-42BC-9B0F-EB17C2980AFF} = {47B34B06-B381-4C24-B4CF-F83F37641C79}
		{17A8D39C-6571-47E8-A8DE-F54E3888E707} = {6CCE3E7D-02C5-42BC-9B0F-EB17C2980AFF}
		{7388F005-3316-450F-8399-85F517CB1AF2} = {6DE85D47-A30E-4493-A64D-4D52637647DE}
	EndGlobalSection
	GlobalSection(ProjectConfigurationPlatforms) = postSolution
		{F1B938D2-ABF7-4F3B-9510-6534184CAAE5}.Debug|Any CPU.ActiveCfg = Debug|Any CPU
		{F1B938D2-ABF7-4F3B-9510-6534184CAAE5}.Debug|Any CPU.Build.0 = Debug|Any CPU
		{F1B938D2-ABF7-4F3B-9510-6534184CAAE5}.Release|Any CPU.ActiveCfg = Release|Any CPU
		{F1B938D2-ABF7-4F3B-9510-6534184CAAE5}.Release|Any CPU.Build.0 = Release|Any CPU
		{E108F079-710D-4CB0-8C23-9E966AF28B28}.Debug|Any CPU.ActiveCfg = Debug|Any CPU
		{E108F079-710D-4CB0-8C23-9E966AF28B28}.Debug|Any CPU.Build.0 = Debug|Any CPU
		{E108F079-710D-4CB0-8C23-9E966AF28B28}.Release|Any CPU.ActiveCfg = Release|Any CPU
		{E108F079-710D-4CB0-8C23-9E966AF28B28}.Release|Any CPU.Build.0 = Release|Any CPU
		{D4518123-ABBE-4664-8034-9C557340C719}.Debug|Any CPU.ActiveCfg = Debug|Any CPU
		{D4518123-ABBE-4664-8034-9C557340C719}.Debug|Any CPU.Build.0 = Debug|Any CPU
		{D4518123-ABBE-4664-8034-9C557340C719}.Release|Any CPU.ActiveCfg = Release|Any CPU
		{D4518123-ABBE-4664-8034-9C557340C719}.Release|Any CPU.Build.0 = Release|Any CPU
		{C9960B44-F8E0-4097-98FF-B9720E726824}.Debug|Any CPU.ActiveCfg = Debug|Any CPU
		{C9960B44-F8E0-4097-98FF-B9720E726824}.Debug|Any CPU.Build.0 = Debug|Any CPU
		{C9960B44-F8E0-4097-98FF-B9720E726824}.Release|Any CPU.ActiveCfg = Release|Any CPU
		{C9960B44-F8E0-4097-98FF-B9720E726824}.Release|Any CPU.Build.0 = Release|Any CPU
		{57A5C0EE-BE68-41CB-8CBE-3A8AF40AC3D0}.Debug|Any CPU.ActiveCfg = Debug|Any CPU
		{57A5C0EE-BE68-41CB-8CBE-3A8AF40AC3D0}.Debug|Any CPU.Build.0 = Debug|Any CPU
		{57A5C0EE-BE68-41CB-8CBE-3A8AF40AC3D0}.Release|Any CPU.ActiveCfg = Release|Any CPU
		{57A5C0EE-BE68-41CB-8CBE-3A8AF40AC3D0}.Release|Any CPU.Build.0 = Release|Any CPU
		{15D0E07A-0942-464F-B5BE-320CF522343C}.Debug|Any CPU.ActiveCfg = Debug|Any CPU
		{15D0E07A-0942-464F-B5BE-320CF522343C}.Debug|Any CPU.Build.0 = Debug|Any CPU
		{15D0E07A-0942-464F-B5BE-320CF522343C}.Release|Any CPU.ActiveCfg = Release|Any CPU
		{15D0E07A-0942-464F-B5BE-320CF522343C}.Release|Any CPU.Build.0 = Release|Any CPU
		{92CB9026-111B-4F50-B65E-1CADD2EBC219}.Debug|Any CPU.ActiveCfg = Debug|Any CPU
		{92CB9026-111B-4F50-B65E-1CADD2EBC219}.Debug|Any CPU.Build.0 = Debug|Any CPU
		{92CB9026-111B-4F50-B65E-1CADD2EBC219}.Release|Any CPU.ActiveCfg = Release|Any CPU
		{92CB9026-111B-4F50-B65E-1CADD2EBC219}.Release|Any CPU.Build.0 = Release|Any CPU
		{A76547B1-BA36-4F3F-AF76-2D68A697307D}.Debug|Any CPU.ActiveCfg = Debug|Any CPU
		{A76547B1-BA36-4F3F-AF76-2D68A697307D}.Debug|Any CPU.Build.0 = Debug|Any CPU
		{A76547B1-BA36-4F3F-AF76-2D68A697307D}.Release|Any CPU.ActiveCfg = Release|Any CPU
		{A76547B1-BA36-4F3F-AF76-2D68A697307D}.Release|Any CPU.Build.0 = Release|Any CPU
		{4CD99FBC-20A4-4887-8F79-B394E8B55503}.Debug|Any CPU.ActiveCfg = Debug|Any CPU
		{4CD99FBC-20A4-4887-8F79-B394E8B55503}.Debug|Any CPU.Build.0 = Debug|Any CPU
		{4CD99FBC-20A4-4887-8F79-B394E8B55503}.Release|Any CPU.ActiveCfg = Release|Any CPU
		{4CD99FBC-20A4-4887-8F79-B394E8B55503}.Release|Any CPU.Build.0 = Release|Any CPU
		{6F34B87E-4376-4B13-8376-F09FF504FE72}.Debug|Any CPU.ActiveCfg = Debug|Any CPU
		{6F34B87E-4376-4B13-8376-F09FF504FE72}.Debug|Any CPU.Build.0 = Debug|Any CPU
		{6F34B87E-4376-4B13-8376-F09FF504FE72}.Release|Any CPU.ActiveCfg = Release|Any CPU
		{6F34B87E-4376-4B13-8376-F09FF504FE72}.Release|Any CPU.Build.0 = Release|Any CPU
		{3CBF1FFA-E52B-4AF9-BF24-EDE76461A6B8}.Debug|Any CPU.ActiveCfg = Debug|Any CPU
		{3CBF1FFA-E52B-4AF9-BF24-EDE76461A6B8}.Debug|Any CPU.Build.0 = Debug|Any CPU
		{3CBF1FFA-E52B-4AF9-BF24-EDE76461A6B8}.Release|Any CPU.ActiveCfg = Release|Any CPU
		{3CBF1FFA-E52B-4AF9-BF24-EDE76461A6B8}.Release|Any CPU.Build.0 = Release|Any CPU
		{2D7320DA-E7C8-4F7B-AC77-7DE1E2D83C02}.Debug|Any CPU.ActiveCfg = Debug|Any CPU
		{2D7320DA-E7C8-4F7B-AC77-7DE1E2D83C02}.Debug|Any CPU.Build.0 = Debug|Any CPU
		{2D7320DA-E7C8-4F7B-AC77-7DE1E2D83C02}.Release|Any CPU.ActiveCfg = Release|Any CPU
		{2D7320DA-E7C8-4F7B-AC77-7DE1E2D83C02}.Release|Any CPU.Build.0 = Release|Any CPU
		{EE2BC2B1-A699-4F3C-818C-9B944505909B}.Debug|Any CPU.ActiveCfg = Debug|Any CPU
		{EE2BC2B1-A699-4F3C-818C-9B944505909B}.Debug|Any CPU.Build.0 = Debug|Any CPU
		{EE2BC2B1-A699-4F3C-818C-9B944505909B}.Release|Any CPU.ActiveCfg = Release|Any CPU
		{EE2BC2B1-A699-4F3C-818C-9B944505909B}.Release|Any CPU.Build.0 = Release|Any CPU
		{901393E4-7893-4DF6-A9E0-F670F8524B15}.Debug|Any CPU.ActiveCfg = Debug|Any CPU
		{901393E4-7893-4DF6-A9E0-F670F8524B15}.Debug|Any CPU.Build.0 = Debug|Any CPU
		{901393E4-7893-4DF6-A9E0-F670F8524B15}.Release|Any CPU.ActiveCfg = Release|Any CPU
		{901393E4-7893-4DF6-A9E0-F670F8524B15}.Release|Any CPU.Build.0 = Release|Any CPU
		{5B0D2DA2-D181-4952-B511-1D77EFE2BFA1}.Debug|Any CPU.ActiveCfg = Debug|Any CPU
		{5B0D2DA2-D181-4952-B511-1D77EFE2BFA1}.Debug|Any CPU.Build.0 = Debug|Any CPU
		{5B0D2DA2-D181-4952-B511-1D77EFE2BFA1}.Release|Any CPU.ActiveCfg = Release|Any CPU
		{5B0D2DA2-D181-4952-B511-1D77EFE2BFA1}.Release|Any CPU.Build.0 = Release|Any CPU
		{D3B02624-6CD1-489D-8D51-5BAF9F129FF8}.Debug|Any CPU.ActiveCfg = Debug|Any CPU
		{D3B02624-6CD1-489D-8D51-5BAF9F129FF8}.Debug|Any CPU.Build.0 = Debug|Any CPU
		{D3B02624-6CD1-489D-8D51-5BAF9F129FF8}.Release|Any CPU.ActiveCfg = Release|Any CPU
		{D3B02624-6CD1-489D-8D51-5BAF9F129FF8}.Release|Any CPU.Build.0 = Release|Any CPU
		{B09EEAFE-0538-41E7-9944-366BA955EB73}.Debug|Any CPU.ActiveCfg = Debug|Any CPU
		{B09EEAFE-0538-41E7-9944-366BA955EB73}.Debug|Any CPU.Build.0 = Debug|Any CPU
		{B09EEAFE-0538-41E7-9944-366BA955EB73}.Release|Any CPU.ActiveCfg = Release|Any CPU
		{B09EEAFE-0538-41E7-9944-366BA955EB73}.Release|Any CPU.Build.0 = Release|Any CPU
		{17A8D39C-6571-47E8-A8DE-F54E3888E707}.Debug|Any CPU.ActiveCfg = Debug|Any CPU
		{17A8D39C-6571-47E8-A8DE-F54E3888E707}.Debug|Any CPU.Build.0 = Debug|Any CPU
		{17A8D39C-6571-47E8-A8DE-F54E3888E707}.Release|Any CPU.ActiveCfg = Release|Any CPU
		{17A8D39C-6571-47E8-A8DE-F54E3888E707}.Release|Any CPU.Build.0 = Release|Any CPU
	EndGlobalSection
EndGlobal
